// !$*UTF8*$!
{
	archiveVersion = 1;
	classes = {
	};
	objectVersion = 50;
	objects = {

/* Begin PBXBuildFile section */
		0484F36D23405FD200305787 /* Const.swift in Sources */ = {isa = PBXBuildFile; fileRef = 0484F36C23405FD200305787 /* Const.swift */; };
		0486415B233DBC89001BC8AE /* AppDelegate.swift in Sources */ = {isa = PBXBuildFile; fileRef = 0486415A233DBC89001BC8AE /* AppDelegate.swift */; };
		0486415D233DBC8C001BC8AE /* Assets.xcassets in Resources */ = {isa = PBXBuildFile; fileRef = 0486415C233DBC8C001BC8AE /* Assets.xcassets */; };
		04864160233DBC8C001BC8AE /* LaunchScreen.storyboard in Resources */ = {isa = PBXBuildFile; fileRef = 0486415E233DBC8C001BC8AE /* LaunchScreen.storyboard */; };
		0486416B233DBDCB001BC8AE /* YYNavigationController.swift in Sources */ = {isa = PBXBuildFile; fileRef = 0486416A233DBDCB001BC8AE /* YYNavigationController.swift */; };
		0486416D233DC1FB001BC8AE /* Podfile in Resources */ = {isa = PBXBuildFile; fileRef = 0486416C233DC1FB001BC8AE /* Podfile */; };
		0486416F233DE6C4001BC8AE /* YYBasicContentView.swift in Sources */ = {isa = PBXBuildFile; fileRef = 0486416E233DE6C4001BC8AE /* YYBasicContentView.swift */; };
		049A138E2351C1C200B5E53B /* FMListenController.swift in Sources */ = {isa = PBXBuildFile; fileRef = 049A138D2351C1C200B5E53B /* FMListenController.swift */; };
		04C291E4234C79A300C564F4 /* FMHomeController.swift in Sources */ = {isa = PBXBuildFile; fileRef = 04C291E3234C79A300C564F4 /* FMHomeController.swift */; };
		04C291EF234F016800C564F4 /* HomeRecommendController.swift in Sources */ = {isa = PBXBuildFile; fileRef = 04C291EC234F016700C564F4 /* HomeRecommendController.swift */; };
		04C291F1234F018E00C564F4 /* RecommnedAdvertModel.swift in Sources */ = {isa = PBXBuildFile; fileRef = 04C291F0234F018E00C564F4 /* RecommnedAdvertModel.swift */; };
		0F0A66EEEDCCEB21760889B5 /* Pods_xmly_swift.framework in Frameworks */ = {isa = PBXBuildFile; fileRef = A5F172CB769CFDBE662E0EA3 /* Pods_xmly_swift.framework */; };
/* End PBXBuildFile section */

/* Begin PBXFileReference section */
		0484F36C23405FD200305787 /* Const.swift */ = {isa = PBXFileReference; lastKnownFileType = sourcecode.swift; path = Const.swift; sourceTree = "<group>"; };
		04864157233DBC89001BC8AE /* xmly-swift.app */ = {isa = PBXFileReference; explicitFileType = wrapper.application; includeInIndex = 0; path = "xmly-swift.app"; sourceTree = BUILT_PRODUCTS_DIR; };
		0486415A233DBC89001BC8AE /* AppDelegate.swift */ = {isa = PBXFileReference; lastKnownFileType = sourcecode.swift; path = AppDelegate.swift; sourceTree = "<group>"; };
		0486415C233DBC8C001BC8AE /* Assets.xcassets */ = {isa = PBXFileReference; lastKnownFileType = folder.assetcatalog; path = Assets.xcassets; sourceTree = "<group>"; };
		0486415F233DBC8C001BC8AE /* Base */ = {isa = PBXFileReference; lastKnownFileType = file.storyboard; name = Base; path = Base.lproj/LaunchScreen.storyboard; sourceTree = "<group>"; };
		04864161233DBC8C001BC8AE /* Info.plist */ = {isa = PBXFileReference; lastKnownFileType = text.plist.xml; path = Info.plist; sourceTree = "<group>"; };
		0486416A233DBDCB001BC8AE /* YYNavigationController.swift */ = {isa = PBXFileReference; fileEncoding = 4; lastKnownFileType = sourcecode.swift; path = YYNavigationController.swift; sourceTree = "<group>"; };
		0486416C233DC1FB001BC8AE /* Podfile */ = {isa = PBXFileReference; fileEncoding = 4; lastKnownFileType = text; path = Podfile; sourceTree = SOURCE_ROOT; xcLanguageSpecificationIdentifier = xcode.lang.ruby; };
		0486416E233DE6C4001BC8AE /* YYBasicContentView.swift */ = {isa = PBXFileReference; lastKnownFileType = sourcecode.swift; path = YYBasicContentView.swift; sourceTree = "<group>"; };
		049A138D2351C1C200B5E53B /* FMListenController.swift */ = {isa = PBXFileReference; lastKnownFileType = sourcecode.swift; path = FMListenController.swift; sourceTree = "<group>"; };
		04C291E3234C79A300C564F4 /* FMHomeController.swift */ = {isa = PBXFileReference; lastKnownFileType = sourcecode.swift; path = FMHomeController.swift; sourceTree = "<group>"; };
		04C291EC234F016700C564F4 /* HomeRecommendController.swift */ = {isa = PBXFileReference; fileEncoding = 4; lastKnownFileType = sourcecode.swift; path = HomeRecommendController.swift; sourceTree = "<group>"; };
		04C291F0234F018E00C564F4 /* RecommnedAdvertModel.swift */ = {isa = PBXFileReference; lastKnownFileType = sourcecode.swift; path = RecommnedAdvertModel.swift; sourceTree = "<group>"; };
		525C33C5FAD022D64D4AFA6D /* Pods-xmly-swift.debug.xcconfig */ = {isa = PBXFileReference; includeInIndex = 1; lastKnownFileType = text.xcconfig; name = "Pods-xmly-swift.debug.xcconfig"; path = "Target Support Files/Pods-xmly-swift/Pods-xmly-swift.debug.xcconfig"; sourceTree = "<group>"; };
		99B7203A77C10C74C5D18DC8 /* Pods-xmly-swift.release.xcconfig */ = {isa = PBXFileReference; includeInIndex = 1; lastKnownFileType = text.xcconfig; name = "Pods-xmly-swift.release.xcconfig"; path = "Target Support Files/Pods-xmly-swift/Pods-xmly-swift.release.xcconfig"; sourceTree = "<group>"; };
		A5F172CB769CFDBE662E0EA3 /* Pods_xmly_swift.framework */ = {isa = PBXFileReference; explicitFileType = wrapper.framework; includeInIndex = 0; path = Pods_xmly_swift.framework; sourceTree = BUILT_PRODUCTS_DIR; };
/* End PBXFileReference section */

/* Begin PBXFrameworksBuildPhase section */
		04864154233DBC89001BC8AE /* Frameworks */ = {
			isa = PBXFrameworksBuildPhase;
			buildActionMask = 2147483647;
			files = (
				0F0A66EEEDCCEB21760889B5 /* Pods_xmly_swift.framework in Frameworks */,
			);
			runOnlyForDeploymentPostprocessing = 0;
		};
/* End PBXFrameworksBuildPhase section */

/* Begin PBXGroup section */
		0486414E233DBC88001BC8AE = {
			isa = PBXGroup;
			children = (
				04864159233DBC89001BC8AE /* xmly-swift */,
				04864158233DBC89001BC8AE /* Products */,
				BC4D4E17C9D00593A3821ABF /* Pods */,
				1FB91B4B80C74528A98FCB65 /* Frameworks */,
			);
			sourceTree = "<group>";
		};
		04864158233DBC89001BC8AE /* Products */ = {
			isa = PBXGroup;
			children = (
				04864157233DBC89001BC8AE /* xmly-swift.app */,
			);
			name = Products;
			sourceTree = "<group>";
		};
		04864159233DBC89001BC8AE /* xmly-swift */ = {
			isa = PBXGroup;
			children = (
				049A138A2351BF9000B5E53B /* FMListen-我听 */,
				04C291DE234C78F600C564F4 /* Home */,
				04864169233DBDCB001BC8AE /* Base */,
				0486415A233DBC89001BC8AE /* AppDelegate.swift */,
				0484F36C23405FD200305787 /* Const.swift */,
				0486415C233DBC8C001BC8AE /* Assets.xcassets */,
				0486415E233DBC8C001BC8AE /* LaunchScreen.storyboard */,
				04864161233DBC8C001BC8AE /* Info.plist */,
				0486416C233DC1FB001BC8AE /* Podfile */,
			);
			path = "xmly-swift";
			sourceTree = "<group>";
		};
		04864169233DBDCB001BC8AE /* Base */ = {
			isa = PBXGroup;
			children = (
				0486416A233DBDCB001BC8AE /* YYNavigationController.swift */,
				0486416E233DE6C4001BC8AE /* YYBasicContentView.swift */,
			);
			path = Base;
			sourceTree = "<group>";
		};
		049A138A2351BF9000B5E53B /* FMListen-我听 */ = {
			isa = PBXGroup;
			children = (
				049A138D2351C1C200B5E53B /* FMListenController.swift */,
			);
			path = "FMListen-我听";
			sourceTree = "<group>";
		};
		04C291DE234C78F600C564F4 /* Home */ = {
			isa = PBXGroup;
			children = (
				04C291EA234F016700C564F4 /* 推荐 */,
				04C291E3234C79A300C564F4 /* FMHomeController.swift */,
			);
			path = Home;
			sourceTree = "<group>";
		};
		04C291EA234F016700C564F4 /* 推荐 */ = {
			isa = PBXGroup;
			children = (
				04C291EB234F016700C564F4 /* Controller */,
				04C291ED234F016700C564F4 /* Model */,
				04C291EE234F016700C564F4 /* View */,
			);
			path = "推荐";
			sourceTree = "<group>";
		};
		04C291EB234F016700C564F4 /* Controller */ = {
			isa = PBXGroup;
			children = (
				04C291EC234F016700C564F4 /* HomeRecommendController.swift */,
			);
			path = Controller;
			sourceTree = "<group>";
		};
		04C291ED234F016700C564F4 /* Model */ = {
			isa = PBXGroup;
			children = (
				04C291F0234F018E00C564F4 /* RecommnedAdvertModel.swift */,
			);
			path = Model;
			sourceTree = "<group>";
		};
		04C291EE234F016700C564F4 /* View */ = {
			isa = PBXGroup;
			children = (
			);
			path = View;
			sourceTree = "<group>";
		};
		1FB91B4B80C74528A98FCB65 /* Frameworks */ = {
			isa = PBXGroup;
			children = (
				A5F172CB769CFDBE662E0EA3 /* Pods_xmly_swift.framework */,
			);
			name = Frameworks;
			sourceTree = "<group>";
		};
		BC4D4E17C9D00593A3821ABF /* Pods */ = {
			isa = PBXGroup;
			children = (
				525C33C5FAD022D64D4AFA6D /* Pods-xmly-swift.debug.xcconfig */,
				99B7203A77C10C74C5D18DC8 /* Pods-xmly-swift.release.xcconfig */,
			);
			path = Pods;
			sourceTree = "<group>";
		};
/* End PBXGroup section */

/* Begin PBXNativeTarget section */
		04864156233DBC89001BC8AE /* xmly-swift */ = {
			isa = PBXNativeTarget;
			buildConfigurationList = 04864164233DBC8C001BC8AE /* Build configuration list for PBXNativeTarget "xmly-swift" */;
			buildPhases = (
				772C2EF85530E42E2AF5AE76 /* [CP] Check Pods Manifest.lock */,
				04864153233DBC89001BC8AE /* Sources */,
				04864154233DBC89001BC8AE /* Frameworks */,
				04864155233DBC89001BC8AE /* Resources */,
				290521936E22E959E3E67F30 /* [CP] Embed Pods Frameworks */,
			);
			buildRules = (
			);
			dependencies = (
			);
			name = "xmly-swift";
			productName = "xmly-swift";
			productReference = 04864157233DBC89001BC8AE /* xmly-swift.app */;
			productType = "com.apple.product-type.application";
		};
/* End PBXNativeTarget section */

/* Begin PBXProject section */
		0486414F233DBC89001BC8AE /* Project object */ = {
			isa = PBXProject;
			attributes = {
				LastSwiftUpdateCheck = 1030;
				LastUpgradeCheck = 1030;
				ORGANIZATIONNAME = Mac;
				TargetAttributes = {
					04864156233DBC89001BC8AE = {
						CreatedOnToolsVersion = 10.3;
					};
				};
			};
			buildConfigurationList = 04864152233DBC89001BC8AE /* Build configuration list for PBXProject "xmly-swift" */;
			compatibilityVersion = "Xcode 9.3";
			developmentRegion = en;
			hasScannedForEncodings = 0;
			knownRegions = (
				en,
				Base,
			);
			mainGroup = 0486414E233DBC88001BC8AE;
			productRefGroup = 04864158233DBC89001BC8AE /* Products */;
			projectDirPath = "";
			projectRoot = "";
			targets = (
				04864156233DBC89001BC8AE /* xmly-swift */,
			);
		};
/* End PBXProject section */

/* Begin PBXResourcesBuildPhase section */
		04864155233DBC89001BC8AE /* Resources */ = {
			isa = PBXResourcesBuildPhase;
			buildActionMask = 2147483647;
			files = (
				0486416D233DC1FB001BC8AE /* Podfile in Resources */,
				0486415D233DBC8C001BC8AE /* Assets.xcassets in Resources */,
				04864160233DBC8C001BC8AE /* LaunchScreen.storyboard in Resources */,
			);
			runOnlyForDeploymentPostprocessing = 0;
		};
/* End PBXResourcesBuildPhase section */

/* Begin PBXShellScriptBuildPhase section */
		290521936E22E959E3E67F30 /* [CP] Embed Pods Frameworks */ = {
			isa = PBXShellScriptBuildPhase;
			buildActionMask = 2147483647;
			files = (
			);
			inputFileListPaths = (
			);
			inputPaths = (
				"${PODS_ROOT}/Target Support Files/Pods-xmly-swift/Pods-xmly-swift-frameworks.sh",
				"${BUILT_PRODUCTS_DIR}/Alamofire/Alamofire.framework",
				"${BUILT_PRODUCTS_DIR}/DNSPageView/DNSPageView.framework",
				"${BUILT_PRODUCTS_DIR}/ESTabBarController-swift/ESTabBarController_swift.framework",
				"${BUILT_PRODUCTS_DIR}/FSPagerView/FSPagerView.framework",
				"${BUILT_PRODUCTS_DIR}/HandyJSON/HandyJSON.framework",
				"${BUILT_PRODUCTS_DIR}/JXMarqueeView/JXMarqueeView.framework",
				"${BUILT_PRODUCTS_DIR}/Kingfisher/Kingfisher.framework",
				"${BUILT_PRODUCTS_DIR}/LTScrollView/LTScrollView.framework",
				"${BUILT_PRODUCTS_DIR}/MJRefresh/MJRefresh.framework",
				"${BUILT_PRODUCTS_DIR}/Moya/Moya.framework",
				"${BUILT_PRODUCTS_DIR}/Result/Result.framework",
				"${BUILT_PRODUCTS_DIR}/SVProgressHUD/SVProgressHUD.framework",
				"${BUILT_PRODUCTS_DIR}/SnapKit/SnapKit.framework",
				"${BUILT_PRODUCTS_DIR}/StreamingKit/StreamingKit.framework",
				"${BUILT_PRODUCTS_DIR}/SwiftMessages/SwiftMessages.framework",
				"${BUILT_PRODUCTS_DIR}/SwiftyJSON/SwiftyJSON.framework",
				"${BUILT_PRODUCTS_DIR}/WRNavigationBar/WRNavigationBar.framework",
			);
			name = "[CP] Embed Pods Frameworks";
			outputFileListPaths = (
			);
			outputPaths = (
				"${TARGET_BUILD_DIR}/${FRAMEWORKS_FOLDER_PATH}/Alamofire.framework",
				"${TARGET_BUILD_DIR}/${FRAMEWORKS_FOLDER_PATH}/DNSPageView.framework",
				"${TARGET_BUILD_DIR}/${FRAMEWORKS_FOLDER_PATH}/ESTabBarController_swift.framework",
				"${TARGET_BUILD_DIR}/${FRAMEWORKS_FOLDER_PATH}/FSPagerView.framework",
				"${TARGET_BUILD_DIR}/${FRAMEWORKS_FOLDER_PATH}/HandyJSON.framework",
				"${TARGET_BUILD_DIR}/${FRAMEWORKS_FOLDER_PATH}/JXMarqueeView.framework",
				"${TARGET_BUILD_DIR}/${FRAMEWORKS_FOLDER_PATH}/Kingfisher.framework",
				"${TARGET_BUILD_DIR}/${FRAMEWORKS_FOLDER_PATH}/LTScrollView.framework",
				"${TARGET_BUILD_DIR}/${FRAMEWORKS_FOLDER_PATH}/MJRefresh.framework",
				"${TARGET_BUILD_DIR}/${FRAMEWORKS_FOLDER_PATH}/Moya.framework",
				"${TARGET_BUILD_DIR}/${FRAMEWORKS_FOLDER_PATH}/Result.framework",
				"${TARGET_BUILD_DIR}/${FRAMEWORKS_FOLDER_PATH}/SVProgressHUD.framework",
				"${TARGET_BUILD_DIR}/${FRAMEWORKS_FOLDER_PATH}/SnapKit.framework",
				"${TARGET_BUILD_DIR}/${FRAMEWORKS_FOLDER_PATH}/StreamingKit.framework",
				"${TARGET_BUILD_DIR}/${FRAMEWORKS_FOLDER_PATH}/SwiftMessages.framework",
				"${TARGET_BUILD_DIR}/${FRAMEWORKS_FOLDER_PATH}/SwiftyJSON.framework",
				"${TARGET_BUILD_DIR}/${FRAMEWORKS_FOLDER_PATH}/WRNavigationBar.framework",
			);
			runOnlyForDeploymentPostprocessing = 0;
			shellPath = /bin/sh;
			shellScript = "\"${PODS_ROOT}/Target Support Files/Pods-xmly-swift/Pods-xmly-swift-frameworks.sh\"\n";
			showEnvVarsInLog = 0;
		};
		772C2EF85530E42E2AF5AE76 /* [CP] Check Pods Manifest.lock */ = {
			isa = PBXShellScriptBuildPhase;
			buildActionMask = 2147483647;
			files = (
			);
			inputFileListPaths = (
			);
			inputPaths = (
				"${PODS_PODFILE_DIR_PATH}/Podfile.lock",
				"${PODS_ROOT}/Manifest.lock",
			);
			name = "[CP] Check Pods Manifest.lock";
			outputFileListPaths = (
			);
			outputPaths = (
				"$(DERIVED_FILE_DIR)/Pods-xmly-swift-checkManifestLockResult.txt",
			);
			runOnlyForDeploymentPostprocessing = 0;
			shellPath = /bin/sh;
			shellScript = "diff \"${PODS_PODFILE_DIR_PATH}/Podfile.lock\" \"${PODS_ROOT}/Manifest.lock\" > /dev/null\nif [ $? != 0 ] ; then\n    # print error to STDERR\n    echo \"error: The sandbox is not in sync with the Podfile.lock. Run 'pod install' or update your CocoaPods installation.\" >&2\n    exit 1\nfi\n# This output is used by Xcode 'outputs' to avoid re-running this script phase.\necho \"SUCCESS\" > \"${SCRIPT_OUTPUT_FILE_0}\"\n";
			showEnvVarsInLog = 0;
		};
/* End PBXShellScriptBuildPhase section */

/* Begin PBXSourcesBuildPhase section */
		04864153233DBC89001BC8AE /* Sources */ = {
			isa = PBXSourcesBuildPhase;
			buildActionMask = 2147483647;
			files = (
				049A138E2351C1C200B5E53B /* FMListenController.swift in Sources */,
				0486415B233DBC89001BC8AE /* AppDelegate.swift in Sources */,
				04C291EF234F016800C564F4 /* HomeRecommendController.swift in Sources */,
				0484F36D23405FD200305787 /* Const.swift in Sources */,
				0486416F233DE6C4001BC8AE /* YYBasicContentView.swift in Sources */,
				04C291E4234C79A300C564F4 /* FMHomeController.swift in Sources */,
				04C291F1234F018E00C564F4 /* RecommnedAdvertModel.swift in Sources */,
				0486416B233DBDCB001BC8AE /* YYNavigationController.swift in Sources */,
			);
			runOnlyForDeploymentPostprocessing = 0;
		};
/* End PBXSourcesBuildPhase section */

/* Begin PBXVariantGroup section */
		0486415E233DBC8C001BC8AE /* LaunchScreen.storyboard */ = {
			isa = PBXVariantGroup;
			children = (
				0486415F233DBC8C001BC8AE /* Base */,
			);
			name = LaunchScreen.storyboard;
			sourceTree = "<group>";
		};
/* End PBXVariantGroup section */

/* Begin XCBuildConfiguration section */
		04864162233DBC8C001BC8AE /* Debug */ = {
			isa = XCBuildConfiguration;
			buildSettings = {
				ALWAYS_SEARCH_USER_PATHS = NO;
				CLANG_ANALYZER_NONNULL = YES;
				CLANG_ANALYZER_NUMBER_OBJECT_CONVERSION = YES_AGGRESSIVE;
				CLANG_CXX_LANGUAGE_STANDARD = "gnu++14";
				CLANG_CXX_LIBRARY = "libc++";
				CLANG_ENABLE_MODULES = YES;
				CLANG_ENABLE_OBJC_ARC = YES;
				CLANG_ENABLE_OBJC_WEAK = YES;
				CLANG_WARN_BLOCK_CAPTURE_AUTORELEASING = YES;
				CLANG_WARN_BOOL_CONVERSION = YES;
				CLANG_WARN_COMMA = YES;
				CLANG_WARN_CONSTANT_CONVERSION = YES;
				CLANG_WARN_DEPRECATED_OBJC_IMPLEMENTATIONS = YES;
				CLANG_WARN_DIRECT_OBJC_ISA_USAGE = YES_ERROR;
				CLANG_WARN_DOCUMENTATION_COMMENTS = YES;
				CLANG_WARN_EMPTY_BODY = YES;
				CLANG_WARN_ENUM_CONVERSION = YES;
				CLANG_WARN_INFINITE_RECURSION = YES;
				CLANG_WARN_INT_CONVERSION = YES;
				CLANG_WARN_NON_LITERAL_NULL_CONVERSION = YES;
				CLANG_WARN_OBJC_IMPLICIT_RETAIN_SELF = YES;
				CLANG_WARN_OBJC_LITERAL_CONVERSION = YES;
				CLANG_WARN_OBJC_ROOT_CLASS = YES_ERROR;
				CLANG_WARN_RANGE_LOOP_ANALYSIS = YES;
				CLANG_WARN_STRICT_PROTOTYPES = YES;
				CLANG_WARN_SUSPICIOUS_MOVE = YES;
				CLANG_WARN_UNGUARDED_AVAILABILITY = YES_AGGRESSIVE;
				CLANG_WARN_UNREACHABLE_CODE = YES;
				CLANG_WARN__DUPLICATE_METHOD_MATCH = YES;
				CODE_SIGN_IDENTITY = "iPhone Developer";
				COPY_PHASE_STRIP = NO;
				DEBUG_INFORMATION_FORMAT = dwarf;
				ENABLE_STRICT_OBJC_MSGSEND = YES;
				ENABLE_TESTABILITY = YES;
				GCC_C_LANGUAGE_STANDARD = gnu11;
				GCC_DYNAMIC_NO_PIC = NO;
				GCC_NO_COMMON_BLOCKS = YES;
				GCC_OPTIMIZATION_LEVEL = 0;
				GCC_PREPROCESSOR_DEFINITIONS = (
					"DEBUG=1",
					"$(inherited)",
				);
				GCC_WARN_64_TO_32_BIT_CONVERSION = YES;
				GCC_WARN_ABOUT_RETURN_TYPE = YES_ERROR;
				GCC_WARN_UNDECLARED_SELECTOR = YES;
				GCC_WARN_UNINITIALIZED_AUTOS = YES_AGGRESSIVE;
				GCC_WARN_UNUSED_FUNCTION = YES;
				GCC_WARN_UNUSED_VARIABLE = YES;
				IPHONEOS_DEPLOYMENT_TARGET = 12.4;
				MTL_ENABLE_DEBUG_INFO = INCLUDE_SOURCE;
				MTL_FAST_MATH = YES;
				ONLY_ACTIVE_ARCH = YES;
				SDKROOT = iphoneos;
				SWIFT_ACTIVE_COMPILATION_CONDITIONS = DEBUG;
				SWIFT_OPTIMIZATION_LEVEL = "-Onone";
			};
			name = Debug;
		};
		04864163233DBC8C001BC8AE /* Release */ = {
			isa = XCBuildConfiguration;
			buildSettings = {
				ALWAYS_SEARCH_USER_PATHS = NO;
				CLANG_ANALYZER_NONNULL = YES;
				CLANG_ANALYZER_NUMBER_OBJECT_CONVERSION = YES_AGGRESSIVE;
				CLANG_CXX_LANGUAGE_STANDARD = "gnu++14";
				CLANG_CXX_LIBRARY = "libc++";
				CLANG_ENABLE_MODULES = YES;
				CLANG_ENABLE_OBJC_ARC = YES;
				CLANG_ENABLE_OBJC_WEAK = YES;
				CLANG_WARN_BLOCK_CAPTURE_AUTORELEASING = YES;
				CLANG_WARN_BOOL_CONVERSION = YES;
				CLANG_WARN_COMMA = YES;
				CLANG_WARN_CONSTANT_CONVERSION = YES;
				CLANG_WARN_DEPRECATED_OBJC_IMPLEMENTATIONS = YES;
				CLANG_WARN_DIRECT_OBJC_ISA_USAGE = YES_ERROR;
				CLANG_WARN_DOCUMENTATION_COMMENTS = YES;
				CLANG_WARN_EMPTY_BODY = YES;
				CLANG_WARN_ENUM_CONVERSION = YES;
				CLANG_WARN_INFINITE_RECURSION = YES;
				CLANG_WARN_INT_CONVERSION = YES;
				CLANG_WARN_NON_LITERAL_NULL_CONVERSION = YES;
				CLANG_WARN_OBJC_IMPLICIT_RETAIN_SELF = YES;
				CLANG_WARN_OBJC_LITERAL_CONVERSION = YES;
				CLANG_WARN_OBJC_ROOT_CLASS = YES_ERROR;
				CLANG_WARN_RANGE_LOOP_ANALYSIS = YES;
				CLANG_WARN_STRICT_PROTOTYPES = YES;
				CLANG_WARN_SUSPICIOUS_MOVE = YES;
				CLANG_WARN_UNGUARDED_AVAILABILITY = YES_AGGRESSIVE;
				CLANG_WARN_UNREACHABLE_CODE = YES;
				CLANG_WARN__DUPLICATE_METHOD_MATCH = YES;
				CODE_SIGN_IDENTITY = "iPhone Developer";
				COPY_PHASE_STRIP = NO;
				DEBUG_INFORMATION_FORMAT = "dwarf-with-dsym";
				ENABLE_NS_ASSERTIONS = NO;
				ENABLE_STRICT_OBJC_MSGSEND = YES;
				GCC_C_LANGUAGE_STANDARD = gnu11;
				GCC_NO_COMMON_BLOCKS = YES;
				GCC_WARN_64_TO_32_BIT_CONVERSION = YES;
				GCC_WARN_ABOUT_RETURN_TYPE = YES_ERROR;
				GCC_WARN_UNDECLARED_SELECTOR = YES;
				GCC_WARN_UNINITIALIZED_AUTOS = YES_AGGRESSIVE;
				GCC_WARN_UNUSED_FUNCTION = YES;
				GCC_WARN_UNUSED_VARIABLE = YES;
				IPHONEOS_DEPLOYMENT_TARGET = 12.4;
				MTL_ENABLE_DEBUG_INFO = NO;
				MTL_FAST_MATH = YES;
				SDKROOT = iphoneos;
				SWIFT_COMPILATION_MODE = wholemodule;
				SWIFT_OPTIMIZATION_LEVEL = "-O";
				VALIDATE_PRODUCT = YES;
			};
			name = Release;
		};
		04864165233DBC8C001BC8AE /* Debug */ = {
			isa = XCBuildConfiguration;
			baseConfigurationReference = 525C33C5FAD022D64D4AFA6D /* Pods-xmly-swift.debug.xcconfig */;
			buildSettings = {
				ASSETCATALOG_COMPILER_APPICON_NAME = AppIcon;
				CODE_SIGN_STYLE = Automatic;
				INFOPLIST_FILE = "xmly-swift/Info.plist";
				LD_RUNPATH_SEARCH_PATHS = (
					"$(inherited)",
					"@executable_path/Frameworks",
				);
				PRODUCT_BUNDLE_IDENTIFIER = "mac.com.xmly-swift";
				PRODUCT_NAME = "$(TARGET_NAME)";
				SWIFT_VERSION = 5.0;
				TARGETED_DEVICE_FAMILY = "1,2";
			};
			name = Debug;
		};
		04864166233DBC8C001BC8AE /* Release */ = {
			isa = XCBuildConfiguration;
			baseConfigurationReference = 99B7203A77C10C74C5D18DC8 /* Pods-xmly-swift.release.xcconfig */;
			buildSettings = {
				ASSETCATALOG_COMPILER_APPICON_NAME = AppIcon;
				CODE_SIGN_STYLE = Automatic;
				INFOPLIST_FILE = "xmly-swift/Info.plist";
				LD_RUNPATH_SEARCH_PATHS = (
					"$(inherited)",
					"@executable_path/Frameworks",
				);
				PRODUCT_BUNDLE_IDENTIFIER = "mac.com.xmly-swift";
				PRODUCT_NAME = "$(TARGET_NAME)";
				SWIFT_VERSION = 5.0;
				TARGETED_DEVICE_FAMILY = "1,2";
			};
			name = Release;
		};
/* End XCBuildConfiguration section */

/* Begin XCConfigurationList section */
		04864152233DBC89001BC8AE /* Build configuration list for PBXProject "xmly-swift" */ = {
			isa = XCConfigurationList;
			buildConfigurations = (
				04864162233DBC8C001BC8AE /* Debug */,
				04864163233DBC8C001BC8AE /* Release */,
			);
			defaultConfigurationIsVisible = 0;
			defaultConfigurationName = Release;
		};
		04864164233DBC8C001BC8AE /* Build configuration list for PBXNativeTarget "xmly-swift" */ = {
			isa = XCConfigurationList;
			buildConfigurations = (
				04864165233DBC8C001BC8AE /* Debug */,
				04864166233DBC8C001BC8AE /* Release */,
			);
			defaultConfigurationIsVisible = 0;
			defaultConfigurationName = Release;
		};
/* End XCConfigurationList section */
	};
	rootObject = 0486414F233DBC89001BC8AE /* Project object */;
}
